
Microsoft Visual Studio Solution File, Format Version 12.00
# Visual Studio Version 17
VisualStudioVersion = 17.0.31903.59
MinimumVisualStudioVersion = 10.0.40219.1
Project("{FAE04EC0-301F-11D3-BF4B-00C04F79EFBC}") = "XBullet.EasyTesting", "src\XBullet.EasyTesting\XBullet.EasyTesting.csproj", "{66FE03EA-CB25-4786-94ED-1E5356F28E3F}"
EndProject
Project("{FAE04EC0-301F-11D3-BF4B-00C04F79EFBC}") = "XBullet.EasyTesting.Verify.Xunit", "src\XBullet.EasyTesting.Verify.Xunit\XBullet.EasyTesting.Verify.Xunit.csproj", "{00DCA785-9E27-435C-A2BF-2826118612C7}"
EndProject
Project("{FAE04EC0-301F-11D3-BF4B-00C04F79EFBC}") = "XBullet.EasyTesting.Snapshots", "src\XBullet.EasyTesting.Snapshots\XBullet.EasyTesting.Snapshots.csproj", "{C7230D1A-91FD-4749-960A-7AB8BA24D530}"
EndProject
Project("{FAE04EC0-301F-11D3-BF4B-00C04F79EFBC}") = "XBullet.EasyTesting.EntityFrameworkCore", "src\XBullet.EasyTesting.EntityFrameworkCore\XBullet.EasyTesting.EntityFrameworkCore.csproj", "{D5622BAC-5173-4A12-B2F9-21F37C2D6662}"
EndProject
Project("{FAE04EC0-301F-11D3-BF4B-00C04F79EFBC}") = "XBullet.EasyTesting.Http", "src\XBullet.EasyTesting.Http\XBullet.EasyTesting.Http.csproj", "{E694B029-92A7-498B-976A-C4D7E7259D39}"
EndProject
Project("{FAE04EC0-301F-11D3-BF4B-00C04F79EFBC}") = "XBullet.EasyTesting.Messaging", "src\XBullet.EasyTesting.Messaging\XBullet.EasyTesting.Messaging.csproj", "{FE22ED61-99BB-4FB9-9502-7D529370AD23}"
EndProject
Project("{FAE04EC0-301F-11D3-BF4B-00C04F79EFBC}") = "TestApi", "tests\TestApi\TestApi.csproj", "{6FE20BD9-7C11-474F-B4CC-8639457F3827}"
EndProject
Project("{FAE04EC0-301F-11D3-BF4B-00C04F79EFBC}") = "XBullet.EasyTesting.Tests", "tests\XBullet.EasyTesting.Tests\XBullet.EasyTesting.Tests.csproj", "{752EA01A-8B21-4326-9099-E14DC5AC4230}"
EndProject
Project("{FAE04EC0-301F-11D3-BF4B-00C04F79EFBC}") = "TestApi.IntegrationTests", "tests\TestApi.IntegrationTests\TestApi.IntegrationTests.csproj", "{D2457023-D484-4B85-B0EE-DF5A30E5E9D7}"
EndProject
Project("{FAE04EC0-301F-11D3-BF4B-00C04F79EFBC}") = "XBullet.EasyTesting.AzureFunctions", "src\XBullet.EasyTesting.AzureFunctions\XBullet.EasyTesting.AzureFunctions.csproj", "{B1F10000-2C7E-4AA0-9000-000000000001}"
EndProject
Project("{FAE04EC0-301F-11D3-BF4B-00C04F79EFBC}") = "TestFunctions", "tests\TestFunctions\TestFunctions.csproj", "{B1F10000-2C7E-4AA0-9000-000000000002}"
EndProject
Project("{FAE04EC0-301F-11D3-BF4B-00C04F79EFBC}") = "TestFunctions.IntegrationTests", "tests\TestFunctions.IntegrationTests\TestFunctions.IntegrationTests.csproj", "{B1F10000-2C7E-4AA0-9000-000000000003}"
EndProject
Global
	GlobalSection(SolutionConfigurationPlatforms) = preSolution
		Debug|Any CPU = Debug|Any CPU
		Release|Any CPU = Release|Any CPU
	EndGlobalSection
	GlobalSection(ProjectConfigurationPlatforms) = postSolution
		{66FE03EA-CB25-4786-94ED-1E5356F28E3F}.Debug|Any CPU.ActiveCfg = Debug|Any CPU
		{66FE03EA-CB25-4786-94ED-1E5356F28E3F}.Debug|Any CPU.Build.0 = Debug|Any CPU
		{66FE03EA-CB25-4786-94ED-1E5356F28E3F}.Release|Any CPU.ActiveCfg = Release|Any CPU
		{66FE03EA-CB25-4786-94ED-1E5356F28E3F}.Release|Any CPU.Build.0 = Release|Any CPU
		{00DCA785-9E27-435C-A2BF-2826118612C7}.Debug|Any CPU.ActiveCfg = Debug|Any CPU
		{00DCA785-9E27-435C-A2BF-2826118612C7}.Debug|Any CPU.Build.0 = Debug|Any CPU
		{00DCA785-9E27-435C-A2BF-2826118612C7}.Release|Any CPU.ActiveCfg = Release|Any CPU
		{00DCA785-9E27-435C-A2BF-2826118612C7}.Release|Any CPU.Build.0 = Release|Any CPU
		{C7230D1A-91FD-4749-960A-7AB8BA24D530}.Debug|Any CPU.ActiveCfg = Debug|Any CPU
		{C7230D1A-91FD-4749-960A-7AB8BA24D530}.Debug|Any CPU.Build.0 = Debug|Any CPU
		{C7230D1A-91FD-4749-960A-7AB8BA24D530}.Release|Any CPU.ActiveCfg = Release|Any CPU
		{C7230D1A-91FD-4749-960A-7AB8BA24D530}.Release|Any CPU.Build.0 = Release|Any CPU
		{D5622BAC-5173-4A12-B2F9-21F37C2D6662}.Debug|Any CPU.ActiveCfg = Debug|Any CPU
		{D5622BAC-5173-4A12-B2F9-21F37C2D6662}.Debug|Any CPU.Build.0 = Debug|Any CPU
		{D5622BAC-5173-4A12-B2F9-21F37C2D6662}.Release|Any CPU.ActiveCfg = Release|Any CPU
		{D5622BAC-5173-4A12-B2F9-21F37C2D6662}.Release|Any CPU.Build.0 = Release|Any CPU
		{E694B029-92A7-498B-976A-C4D7E7259D39}.Debug|Any CPU.ActiveCfg = Debug|Any CPU
		{E694B029-92A7-498B-976A-C4D7E7259D39}.Debug|Any CPU.Build.0 = Debug|Any CPU
		{E694B029-92A7-498B-976A-C4D7E7259D39}.Release|Any CPU.ActiveCfg = Release|Any CPU
		{E694B029-92A7-498B-976A-C4D7E7259D39}.Release|Any CPU.Build.0 = Release|Any CPU
		{FE22ED61-99BB-4FB9-9502-7D529370AD23}.Debug|Any CPU.ActiveCfg = Debug|Any CPU
		{FE22ED61-99BB-4FB9-9502-7D529370AD23}.Debug|Any CPU.Build.0 = Debug|Any CPU
		{FE22ED61-99BB-4FB9-9502-7D529370AD23}.Release|Any CPU.ActiveCfg = Release|Any CPU
		{FE22ED61-99BB-4FB9-9502-7D529370AD23}.Release|Any CPU.Build.0 = Release|Any CPU
		{6FE20BD9-7C11-474F-B4CC-8639457F3827}.Debug|Any CPU.ActiveCfg = Debug|Any CPU
		{6FE20BD9-7C11-474F-B4CC-8639457F3827}.Debug|Any CPU.Build.0 = Debug|Any CPU
		{6FE20BD9-7C11-474F-B4CC-8639457F3827}.Release|Any CPU.ActiveCfg = Release|Any CPU
		{6FE20BD9-7C11-474F-B4CC-8639457F3827}.Release|Any CPU.Build.0 = Release|Any CPU
		{752EA01A-8B21-4326-9099-E14DC5AC4230}.Debug|Any CPU.ActiveCfg = Debug|Any CPU
		{752EA01A-8B21-4326-9099-E14DC5AC4230}.Debug|Any CPU.Build.0 = Debug|Any CPU
		{752EA01A-8B21-4326-9099-E14DC5AC4230}.Release|Any CPU.ActiveCfg = Release|Any CPU
		{752EA01A-8B21-4326-9099-E14DC5AC4230}.Release|Any CPU.Build.0 = Release|Any CPU
		{D2457023-D484-4B85-B0EE-DF5A30E5E9D7}.Debug|Any CPU.ActiveCfg = Debug|Any CPU
		{D2457023-D484-4B85-B0EE-DF5A30E5E9D7}.Debug|Any CPU.Build.0 = Debug|Any CPU
		{D2457023-D484-4B85-B0EE-DF5A30E5E9D7}.Release|Any CPU.ActiveCfg = Release|Any CPU
		{D2457023-D484-4B85-B0EE-DF5A30E5E9D7}.Release|Any CPU.Build.0 = Release|Any CPU
		{B1F10000-2C7E-4AA0-9000-000000000001}.Debug|Any CPU.ActiveCfg = Debug|Any CPU
		{B1F10000-2C7E-4AA0-9000-000000000001}.Debug|Any CPU.Build.0 = Debug|Any CPU
		{B1F10000-2C7E-4AA0-9000-000000000001}.Release|Any CPU.ActiveCfg = Release|Any CPU
		{B1F10000-2C7E-4AA0-9000-000000000001}.Release|Any CPU.Build.0 = Release|Any CPU
		{B1F10000-2C7E-4AA0-9000-000000000002}.Debug|Any CPU.ActiveCfg = Debug|Any CPU
		{B1F10000-2C7E-4AA0-9000-000000000002}.Debug|Any CPU.Build.0 = Debug|Any CPU
		{B1F10000-2C7E-4AA0-9000-000000000002}.Release|Any CPU.ActiveCfg = Release|Any CPU
		{B1F10000-2C7E-4AA0-9000-000000000002}.Release|Any CPU.Build.0 = Release|Any CPU
		{B1F10000-2C7E-4AA0-9000-000000000003}.Debug|Any CPU.ActiveCfg = Debug|Any CPU
		{B1F10000-2C7E-4AA0-9000-000000000003}.Debug|Any CPU.Build.0 = Debug|Any CPU
		{B1F10000-2C7E-4AA0-9000-000000000003}.Release|Any CPU.ActiveCfg = Release|Any CPU
		{B1F10000-2C7E-4AA0-9000-000000000003}.Release|Any CPU.Build.0 = Release|Any CPU
	EndGlobalSection
EndGlobal
